# THIS IS AN AUTOGENERATED FILE. DO NOT EDIT THIS FILE DIRECTLY.
# yarn lockfile v1


"@hookform/resolvers@^3.3.4":
  version "3.3.4"
  resolved "https://registry.yarnpkg.com/@hookform/resolvers/-/resolvers-3.3.4.tgz#de9b668c2835eb06892290192de6e2a5c906229b"
  integrity sha512-o5cgpGOuJYrd+iMKvkttOclgwRW86EsWJZZRC23prf0uU2i48Htq4PuT73AVb9ionFyZrwYEITuOFGF+BydEtQ==

"@remix-run/router@1.14.1":
  version "1.14.1"
  resolved "https://registry.yarnpkg.com/@remix-run/router/-/router-1.14.1.tgz#6d2dd03d52e604279c38911afc1079d58c50a755"
  integrity sha512-Qg4DMQsfPNAs88rb2xkdk03N3bjK4jgX5fR24eHCTR9q6PrhZQZ4UJBPzCHJkIpTRN1UKxx2DzjZmnC+7Lj0Ow==

react-hook-form@^7.49.3:
  version "7.49.3"
  resolved "https://registry.yarnpkg.com/react-hook-form/-/react-hook-form-7.49.3.tgz#576a4567f8a774830812f4855e89f5da5830435c"
  integrity sha512-foD6r3juidAT1cOZzpmD/gOKt7fRsDhXXZ0y28+Al1CHgX+AY1qIN9VSIIItXRq1dN68QrRwl1ORFlwjBaAqeQ==

react-router-dom@^6.21.1:
  version "6.21.1"
  resolved "https://registry.yarnpkg.com/react-router-dom/-/react-router-dom-6.21.1.tgz#58b459d2fe1841388c95bb068f85128c45e27349"
  integrity sha512-QCNrtjtDPwHDO+AO21MJd7yIcr41UetYt5jzaB9Y1UYaPTCnVuJq6S748g1dE11OQlCFIQg+RtAA1SEZIyiBeA==
  dependencies:
    "@remix-run/router" "1.14.1"
    react-router "6.21.1"

react-router@6.21.1:
  version "6.21.1"
  resolved "https://registry.yarnpkg.com/react-router/-/react-router-6.21.1.tgz#8db7ee8d7cfc36513c9a66b44e0897208c33be34"
  integrity sha512-W0l13YlMTm1YrpVIOpjCADJqEUpz1vm+CMo47RuFX4Ftegwm6KOYsL5G3eiE52jnJpKvzm6uB/vTKTPKM8dmkA==
  dependencies:
    "@remix-run/router" "1.14.1"

zod@^3.22.4:
  version "3.22.4"
  resolved "https://registry.yarnpkg.com/zod/-/zod-3.22.4.tgz#f31c3a9386f61b1f228af56faa9255e845cf3fff"
  integrity sha512-iC+8Io04lddc+mVqQ9AZ7OQ2MrUKGN+oIQyq1vemgt46jwCwLfhq7/pwnBnNXXXZb8VTVLKwp9EDkx+ryxIWmg==
